
Microsoft Visual Studio Solution File, Format Version 12.00
# Visual Studio Version 17
VisualStudioVersion = 17.4.33213.308
MinimumVisualStudioVersion = 10.0.40219.1
Project("{FAE04EC0-301F-11D3-BF4B-00C04F79EFBC}") = "WebAPIPractice", "WebAPIPractice.csproj", "{ABBD6909-8A3F-4DEE-BF46-CB30FCD1D0F5}"
EndProject
Global
	GlobalSection(SolutionConfigurationPlatforms) = preSolution
		Debug|Any CPU = Debug|Any CPU
		Release|Any CPU = Release|Any CPU
	EndGlobalSection
	GlobalSection(ProjectConfigurationPlatforms) = postSolution
		{ABBD6909-8A3F-4DEE-BF46-CB30FCD1D0F5}.Debug|Any CPU.ActiveCfg = Debug|Any CPU
		{ABBD6909-8A3F-4DEE-BF46-CB30FCD1D0F5}.Debug|Any CPU.Build.0 = Debug|Any CPU
		{ABBD6909-8A3F-4DEE-BF46-CB30FCD1D0F5}.Release|Any CPU.ActiveCfg = Release|Any CPU
		{ABBD6909-8A3F-4DEE-BF46-CB30FCD1D0F5}.Release|Any CPU.Build.0 = Release|Any CPU
	EndGlobalSection
	GlobalSection(SolutionProperties) = preSolution
		HideSolutionNode = FALSE
	EndGlobalSection
	GlobalSection(ExtensibilityGlobals) = postSolution
		SolutionGuid = {751076BE-8F5C-413C-B6F0-229201DC0ED1}
	EndGlobalSection
EndGlobal
